
Microsoft Visual Studio Solution File, Format Version 12.00
# Visual Studio 15
VisualStudioVersion = 15.0.26124.0
MinimumVisualStudioVersion = 15.0.26124.0
Project("{2150E333-8FDC-42A3-9474-1A3956D46DE8}") = "src", "src", "{1753F3E7-95D6-40FB-8F56-1646D6A70F1C}"
EndProject
Project("{FAE04EC0-301F-11D3-BF4B-00C04F79EFBC}") = "GradeBook", "src\GradeBook\GradeBook.csproj", "{C2528F03-18B5-4962-9E6B-243BAB636C7D}"
EndProject
Project("{2150E333-8FDC-42A3-9474-1A3956D46DE8}") = "test", "test", "{B50C6596-9D56-4A60-A987-01D8BB4B868F}"
EndProject
Project("{FAE04EC0-301F-11D3-BF4B-00C04F79EFBC}") = "GradeBook.Tests", "test\GradeBook.Tests\GradeBook.Tests.csproj", "{49F1B71B-68C3-455E-8581-BBFAEF9DB322}"
EndProject
Global
	GlobalSection(SolutionConfigurationPlatforms) = preSolution
		Debug|Any CPU = Debug|Any CPU
		Debug|x64 = Debug|x64
		Debug|x86 = Debug|x86
		Release|Any CPU = Release|Any CPU
		Release|x64 = Release|x64
		Release|x86 = Release|x86
	EndGlobalSection
	GlobalSection(SolutionProperties) = preSolution
		HideSolutionNode = FALSE
	EndGlobalSection
	GlobalSection(ProjectConfigurationPlatforms) = postSolution
		{C2528F03-18B5-4962-9E6B-243BAB636C7D}.Debug|Any CPU.ActiveCfg = Debug|Any CPU
		{C2528F03-18B5-4962-9E6B-243BAB636C7D}.Debug|Any CPU.Build.0 = Debug|Any CPU
		{C2528F03-18B5-4962-9E6B-243BAB636C7D}.Debug|x64.ActiveCfg = Debug|Any CPU
		{C2528F03-18B5-4962-9E6B-243BAB636C7D}.Debug|x64.Build.0 = Debug|Any CPU
		{C2528F03-18B5-4962-9E6B-243BAB636C7D}.Debug|x86.ActiveCfg = Debug|Any CPU
		{C2528F03-18B5-4962-9E6B-243BAB636C7D}.Debug|x86.Build.0 = Debug|Any CPU
		{C2528F03-18B5-4962-9E6B-243BAB636C7D}.Release|Any CPU.ActiveCfg = Release|Any CPU
		{C2528F03-18B5-4962-9E6B-243BAB636C7D}.Release|Any CPU.Build.0 = Release|Any CPU
		{C2528F03-18B5-4962-9E6B-243BAB636C7D}.Release|x64.ActiveCfg = Release|Any CPU
		{C2528F03-18B5-4962-9E6B-243BAB636C7D}.Release|x64.Build.0 = Release|Any CPU
		{C2528F03-18B5-4962-9E6B-243BAB636C7D}.Release|x86.ActiveCfg = Release|Any CPU
		{C2528F03-18B5-4962-9E6B-243BAB636C7D}.Release|x86.Build.0 = Release|Any CPU
		{49F1B71B-68C3-455E-8581-BBFAEF9DB322}.Debug|Any CPU.ActiveCfg = Debug|Any CPU
		{49F1B71B-68C3-455E-8581-BBFAEF9DB322}.Debug|Any CPU.Build.0 = Debug|Any CPU
		{49F1B71B-68C3-455E-8581-BBFAEF9DB322}.Debug|x64.ActiveCfg = Debug|Any CPU
		{49F1B71B-68C3-455E-8581-BBFAEF9DB322}.Debug|x64.Build.0 = Debug|Any CPU
		{49F1B71B-68C3-455E-8581-BBFAEF9DB322}.Debug|x86.ActiveCfg = Debug|Any CPU
		{49F1B71B-68C3-455E-8581-BBFAEF9DB322}.Debug|x86.Build.0 = Debug|Any CPU
		{49F1B71B-68C3-455E-8581-BBFAEF9DB322}.Release|Any CPU.ActiveCfg = Release|Any CPU
		{49F1B71B-68C3-455E-8581-BBFAEF9DB322}.Release|Any CPU.Build.0 = Release|Any CPU
		{49F1B71B-68C3-455E-8581-BBFAEF9DB322}.Release|x64.ActiveCfg = Release|Any CPU
		{49F1B71B-68C3-455E-8581-BBFAEF9DB322}.Release|x64.Build.0 = Release|Any CPU
		{49F1B71B-68C3-455E-8581-BBFAEF9DB322}.Release|x86.ActiveCfg = Release|Any CPU
		{49F1B71B-68C3-455E-8581-BBFAEF9DB322}.Release|x86.Build.0 = Release|Any CPU
	EndGlobalSection
	GlobalSection(NestedProjects) = preSolution
		{C2528F03-18B5-4962-9E6B-243BAB636C7D} = {1753F3E7-95D6-40FB-8F56-1646D6A70F1C}
		{49F1B71B-68C3-455E-8581-BBFAEF9DB322} = {B50C6596-9D56-4A60-A987-01D8BB4B868F}
	EndGlobalSection
EndGlobal
